
Microsoft Visual Studio Solution File, Format Version 12.00
# Visual Studio Version 17
VisualStudioVersion = 17.14.36109.1 d17.14
MinimumVisualStudioVersion = 10.0.40219.1
Project("{FAE04EC0-301F-11D3-BF4B-00C04F79EFBC}") = "BlazorApp", "BlazorApp\BlazorApp\BlazorApp.csproj", "{613C014C-530E-4DFD-92F0-0A7F42329D86}"
EndProject
Project("{FAE04EC0-301F-11D3-BF4B-00C04F79EFBC}") = "BlazorApp.Client", "BlazorApp\BlazorApp.Client\BlazorApp.Client.csproj", "{3CEBC3C4-AB48-4D20-BDD2-7FA77828777C}"
EndProject
Global
	GlobalSection(SolutionConfigurationPlatforms) = preSolution
		Debug|Any CPU = Debug|Any CPU
		Release|Any CPU = Release|Any CPU
	EndGlobalSection
	GlobalSection(ProjectConfigurationPlatforms) = postSolution
		{613C014C-530E-4DFD-92F0-0A7F42329D86}.Debug|Any CPU.ActiveCfg = Debug|Any CPU
		{613C014C-530E-4DFD-92F0-0A7F42329D86}.Debug|Any CPU.Build.0 = Debug|Any CPU
		{613C014C-530E-4DFD-92F0-0A7F42329D86}.Release|Any CPU.ActiveCfg = Release|Any CPU
		{613C014C-530E-4DFD-92F0-0A7F42329D86}.Release|Any CPU.Build.0 = Release|Any CPU
		{3CEBC3C4-AB48-4D20-BDD2-7FA77828777C}.Debug|Any CPU.ActiveCfg = Debug|Any CPU
		{3CEBC3C4-AB48-4D20-BDD2-7FA77828777C}.Debug|Any CPU.Build.0 = Debug|Any CPU
		{3CEBC3C4-AB48-4D20-BDD2-7FA77828777C}.Release|Any CPU.ActiveCfg = Release|Any CPU
		{3CEBC3C4-AB48-4D20-BDD2-7FA77828777C}.Release|Any CPU.Build.0 = Release|Any CPU
	EndGlobalSection
	GlobalSection(SolutionProperties) = preSolution
		HideSolutionNode = FALSE
	EndGlobalSection
	GlobalSection(ExtensibilityGlobals) = postSolution
		SolutionGuid = {94180EDC-5200-49E5-8C34-384B22FD3A28}
	EndGlobalSection
EndGlobal
